
Microsoft Visual Studio Solution File, Format Version 12.00
# Visual Studio 15
VisualStudioVersion = 15.0.27703.2026
MinimumVisualStudioVersion = 10.0.40219.1
Project("{FAE04EC0-301F-11D3-BF4B-00C04F79EFBC}") = "PoemGenerator.App", "PoemGenerator.App\PoemGenerator.App.csproj", "{907675BF-282C-4561-855A-C21D52D186D0}"
EndProject
Project("{FAE04EC0-301F-11D3-BF4B-00C04F79EFBC}") = "PoemGenerator.OntologyComponent.Model", "PoemGenerator.OntologyComponent.Model\PoemGenerator.OntologyComponent.Model.csproj", "{8E256493-A732-492C-9E0A-E17A69FC5B34}"
EndProject
Project("{FAE04EC0-301F-11D3-BF4B-00C04F79EFBC}") = "PoemGenerator.OntologyComponent.Loader", "PoemGenerator.OntologyComponent.Loader\PoemGenerator.OntologyComponent.Loader.csproj", "{A7593A0B-53F0-4B91-8150-F6219B079625}"
EndProject
Project("{FAE04EC0-301F-11D3-BF4B-00C04F79EFBC}") = "PoemGenerator.GeneratorComponent", "PoemGenerator.GeneratorComponent\PoemGenerator.GeneratorComponent.csproj", "{22CD64B0-B965-4209-9F44-D7C2E157A9E0}"
EndProject
Global
	GlobalSection(SolutionConfigurationPlatforms) = preSolution
		Debug|Any CPU = Debug|Any CPU
		Release|Any CPU = Release|Any CPU
	EndGlobalSection
	GlobalSection(ProjectConfigurationPlatforms) = postSolution
		{907675BF-282C-4561-855A-C21D52D186D0}.Debug|Any CPU.ActiveCfg = Debug|Any CPU
		{907675BF-282C-4561-855A-C21D52D186D0}.Debug|Any CPU.Build.0 = Debug|Any CPU
		{907675BF-282C-4561-855A-C21D52D186D0}.Release|Any CPU.ActiveCfg = Release|Any CPU
		{907675BF-282C-4561-855A-C21D52D186D0}.Release|Any CPU.Build.0 = Release|Any CPU
		{8E256493-A732-492C-9E0A-E17A69FC5B34}.Debug|Any CPU.ActiveCfg = Debug|Any CPU
		{8E256493-A732-492C-9E0A-E17A69FC5B34}.Debug|Any CPU.Build.0 = Debug|Any CPU
		{8E256493-A732-492C-9E0A-E17A69FC5B34}.Release|Any CPU.ActiveCfg = Release|Any CPU
		{8E256493-A732-492C-9E0A-E17A69FC5B34}.Release|Any CPU.Build.0 = Release|Any CPU
		{A7593A0B-53F0-4B91-8150-F6219B079625}.Debug|Any CPU.ActiveCfg = Debug|Any CPU
		{A7593A0B-53F0-4B91-8150-F6219B079625}.Debug|Any CPU.Build.0 = Debug|Any CPU
		{A7593A0B-53F0-4B91-8150-F6219B079625}.Release|Any CPU.ActiveCfg = Release|Any CPU
		{A7593A0B-53F0-4B91-8150-F6219B079625}.Release|Any CPU.Build.0 = Release|Any CPU
		{22CD64B0-B965-4209-9F44-D7C2E157A9E0}.Debug|Any CPU.ActiveCfg = Debug|Any CPU
		{22CD64B0-B965-4209-9F44-D7C2E157A9E0}.Debug|Any CPU.Build.0 = Debug|Any CPU
		{22CD64B0-B965-4209-9F44-D7C2E157A9E0}.Release|Any CPU.ActiveCfg = Release|Any CPU
		{22CD64B0-B965-4209-9F44-D7C2E157A9E0}.Release|Any CPU.Build.0 = Release|Any CPU
	EndGlobalSection
	GlobalSection(SolutionProperties) = preSolution
		HideSolutionNode = FALSE
	EndGlobalSection
	GlobalSection(ExtensibilityGlobals) = postSolution
		SolutionGuid = {D15415F7-974E-4464-884F-68592F23EAB0}
	EndGlobalSection
EndGlobal
